
Microsoft Visual Studio Solution File, Format Version 12.00
# Visual Studio Version 16
VisualStudioVersion = 25.0.1704.1
MinimumVisualStudioVersion = 10.0.40219.1
Project("{FAE04EC0-301F-11D3-BF4B-00C04F79EFBC}") = "ContosoPizza", "ContosoPizza.csproj", "{3FEC69A0-DE93-4F1F-A55E-9FBA3956EE05}"
EndProject
Global
	GlobalSection(SolutionConfigurationPlatforms) = preSolution
		Debug|Any CPU = Debug|Any CPU
		Release|Any CPU = Release|Any CPU
	EndGlobalSection
	GlobalSection(ProjectConfigurationPlatforms) = postSolution
		{3FEC69A0-DE93-4F1F-A55E-9FBA3956EE05}.Debug|Any CPU.ActiveCfg = Debug|Any CPU
		{3FEC69A0-DE93-4F1F-A55E-9FBA3956EE05}.Debug|Any CPU.Build.0 = Debug|Any CPU
		{3FEC69A0-DE93-4F1F-A55E-9FBA3956EE05}.Release|Any CPU.ActiveCfg = Release|Any CPU
		{3FEC69A0-DE93-4F1F-A55E-9FBA3956EE05}.Release|Any CPU.Build.0 = Release|Any CPU
	EndGlobalSection
	GlobalSection(SolutionProperties) = preSolution
		HideSolutionNode = FALSE
	EndGlobalSection
	GlobalSection(ExtensibilityGlobals) = postSolution
		SolutionGuid = {D497E901-6B3A-4CF6-8780-0446370EFAD6}
	EndGlobalSection
EndGlobal
